PODS:
  - PeakSDK (0.15.0)

DEPENDENCIES:
  - PeakSDK (from `https://github.com/peakmediation/Peak-Mediation-iOS-SDK.git`)

EXTERNAL SOURCES:
  PeakSDK:
    :git: https://github.com/peakmediation/Peak-Mediation-iOS-SDK.git

CHECKOUT OPTIONS:
  PeakSDK:
    :commit: c1ac58972e28ceed731d45f09ba2b0ce98b9ca7c
    :git: https://github.com/peakmediation/Peak-Mediation-iOS-SDK.git

SPEC CHECKSUMS:
  PeakSDK: 4c7950c9f2bc7417f396440313a6203a6593a2da

PODFILE CHECKSUM: 7a662fb2284f3f2794a6cd2bbff18c09b57a125d

COCOAPODS: 1.0.1
