PODS:
  - PeakSDK (0.16.0)

DEPENDENCIES:
  - PeakSDK (from `https://github.com/peakmediation/Peak-Mediation-iOS-SDK.git`)

EXTERNAL SOURCES:
  PeakSDK:
    :git: https://github.com/peakmediation/Peak-Mediation-iOS-SDK.git

CHECKOUT OPTIONS:
  PeakSDK:
    :commit: d129dc54ac54aae38c7f76e140f6c264d05e81b9
    :git: https://github.com/peakmediation/Peak-Mediation-iOS-SDK.git

SPEC CHECKSUMS:
  PeakSDK: 8ee177341f7757d127f66ae650d625e41776e90a

PODFILE CHECKSUM: 7a662fb2284f3f2794a6cd2bbff18c09b57a125d

COCOAPODS: 1.2.0.beta.1
